
Microsoft Visual Studio Solution File, Format Version 12.00
# Visual Studio Version 17
VisualStudioVersion = 17.0.31903.59
MinimumVisualStudioVersion = 10.0.40219.1
Project("{FAE04EC0-301F-11D3-BF4B-00C04F79EFBC}") = "Restaurants.API", "Restaurants.API\Restaurants.API.csproj", "{8CCAD4B1-B311-4308-B85C-BAC0C2843C6D}"
EndProject
Project("{FAE04EC0-301F-11D3-BF4B-00C04F79EFBC}") = "Restaurants.Domain", "Restaurants.Domain\Restaurants.Domain.csproj", "{89367D35-D69E-4139-9F21-B14259C6D5B8}"
EndProject
Project("{FAE04EC0-301F-11D3-BF4B-00C04F79EFBC}") = "Restaurants.Application", "Restaurants.Application\Restaurants.Application.csproj", "{B0833C50-8F89-4DA4-8777-7A99055CAEDD}"
EndProject
Project("{FAE04EC0-301F-11D3-BF4B-00C04F79EFBC}") = "Restaurants.Infrastructure", "Restaurants.Infrastructure\Restaurants.Infrastructure.csproj", "{107D1FF6-9308-4844-93F2-F880365288BE}"
EndProject
Project("{FAE04EC0-301F-11D3-BF4B-00C04F79EFBC}") = "Restaurants.Domain.Tests", "Restaurants.Domain.Tests\Restaurants.Domain.Tests.csproj", "{CDB70EC4-7952-4D6A-98CC-1AEF2086F76B}"
EndProject
Project("{FAE04EC0-301F-11D3-BF4B-00C04F79EFBC}") = "Restaurants.Application.Tests", "Restaurants.Application.Tests\Restaurants.Application.Tests.csproj", "{B8ABA857-84D2-4F1B-8E5B-89F0C26E2FCD}"
EndProject
Project("{FAE04EC0-301F-11D3-BF4B-00C04F79EFBC}") = "Restaurants.Infrastructure.Tests", "Restaurants.Infrastructure.Tests\Restaurants.Infrastructure.Tests.csproj", "{B0406B18-C0B2-462B-A3BD-1CF43CFE7B6C}"
EndProject
Project("{FAE04EC0-301F-11D3-BF4B-00C04F79EFBC}") = "Restaurants.API.Tests", "Restaurants.API.Tests\Restaurants.API.Tests.csproj", "{68FD4B71-BA13-4E0F-9573-FE4B1E49643F}"
EndProject
Global
	GlobalSection(SolutionConfigurationPlatforms) = preSolution
		Debug|Any CPU = Debug|Any CPU
		Release|Any CPU = Release|Any CPU
	EndGlobalSection
	GlobalSection(SolutionProperties) = preSolution
		HideSolutionNode = FALSE
	EndGlobalSection
	GlobalSection(ProjectConfigurationPlatforms) = postSolution
		{8CCAD4B1-B311-4308-B85C-BAC0C2843C6D}.Debug|Any CPU.ActiveCfg = Debug|Any CPU
		{8CCAD4B1-B311-4308-B85C-BAC0C2843C6D}.Debug|Any CPU.Build.0 = Debug|Any CPU
		{8CCAD4B1-B311-4308-B85C-BAC0C2843C6D}.Release|Any CPU.ActiveCfg = Release|Any CPU
		{8CCAD4B1-B311-4308-B85C-BAC0C2843C6D}.Release|Any CPU.Build.0 = Release|Any CPU
		{89367D35-D69E-4139-9F21-B14259C6D5B8}.Debug|Any CPU.ActiveCfg = Debug|Any CPU
		{89367D35-D69E-4139-9F21-B14259C6D5B8}.Debug|Any CPU.Build.0 = Debug|Any CPU
		{89367D35-D69E-4139-9F21-B14259C6D5B8}.Release|Any CPU.ActiveCfg = Release|Any CPU
		{89367D35-D69E-4139-9F21-B14259C6D5B8}.Release|Any CPU.Build.0 = Release|Any CPU
		{B0833C50-8F89-4DA4-8777-7A99055CAEDD}.Debug|Any CPU.ActiveCfg = Debug|Any CPU
		{B0833C50-8F89-4DA4-8777-7A99055CAEDD}.Debug|Any CPU.Build.0 = Debug|Any CPU
		{B0833C50-8F89-4DA4-8777-7A99055CAEDD}.Release|Any CPU.ActiveCfg = Release|Any CPU
		{B0833C50-8F89-4DA4-8777-7A99055CAEDD}.Release|Any CPU.Build.0 = Release|Any CPU
		{107D1FF6-9308-4844-93F2-F880365288BE}.Debug|Any CPU.ActiveCfg = Debug|Any CPU
		{107D1FF6-9308-4844-93F2-F880365288BE}.Debug|Any CPU.Build.0 = Debug|Any CPU
		{107D1FF6-9308-4844-93F2-F880365288BE}.Release|Any CPU.ActiveCfg = Release|Any CPU
		{107D1FF6-9308-4844-93F2-F880365288BE}.Release|Any CPU.Build.0 = Release|Any CPU
		{CDB70EC4-7952-4D6A-98CC-1AEF2086F76B}.Debug|Any CPU.ActiveCfg = Debug|Any CPU
		{CDB70EC4-7952-4D6A-98CC-1AEF2086F76B}.Debug|Any CPU.Build.0 = Debug|Any CPU
		{CDB70EC4-7952-4D6A-98CC-1AEF2086F76B}.Release|Any CPU.ActiveCfg = Release|Any CPU
		{CDB70EC4-7952-4D6A-98CC-1AEF2086F76B}.Release|Any CPU.Build.0 = Release|Any CPU
		{B8ABA857-84D2-4F1B-8E5B-89F0C26E2FCD}.Debug|Any CPU.ActiveCfg = Debug|Any CPU
		{B8ABA857-84D2-4F1B-8E5B-89F0C26E2FCD}.Debug|Any CPU.Build.0 = Debug|Any CPU
		{B8ABA857-84D2-4F1B-8E5B-89F0C26E2FCD}.Release|Any CPU.ActiveCfg = Release|Any CPU
		{B8ABA857-84D2-4F1B-8E5B-89F0C26E2FCD}.Release|Any CPU.Build.0 = Release|Any CPU
		{B0406B18-C0B2-462B-A3BD-1CF43CFE7B6C}.Debug|Any CPU.ActiveCfg = Debug|Any CPU
		{B0406B18-C0B2-462B-A3BD-1CF43CFE7B6C}.Debug|Any CPU.Build.0 = Debug|Any CPU
		{B0406B18-C0B2-462B-A3BD-1CF43CFE7B6C}.Release|Any CPU.ActiveCfg = Release|Any CPU
		{B0406B18-C0B2-462B-A3BD-1CF43CFE7B6C}.Release|Any CPU.Build.0 = Release|Any CPU
		{68FD4B71-BA13-4E0F-9573-FE4B1E49643F}.Debug|Any CPU.ActiveCfg = Debug|Any CPU
		{68FD4B71-BA13-4E0F-9573-FE4B1E49643F}.Debug|Any CPU.Build.0 = Debug|Any CPU
		{68FD4B71-BA13-4E0F-9573-FE4B1E49643F}.Release|Any CPU.ActiveCfg = Release|Any CPU
		{68FD4B71-BA13-4E0F-9573-FE4B1E49643F}.Release|Any CPU.Build.0 = Release|Any CPU
	EndGlobalSection
EndGlobal
